{
  "version": 4,
  "terraform_version": "0.14.7",
  "serial": 16,
  "lineage": "a22f7b24-6aa6-dfe7-4137-ade1352c7c53",
  "outputs": {},
  "resources": [
    {
      "mode": "managed",
      "type": "google_compute_network",
      "name": "vpc",
      "provider": "provider[\"registry.terraform.io/hashicorp/google\"]",
      "instances": [
        {
          "schema_version": 0,
          "attributes": {
            "auto_create_subnetworks": false,
            "delete_default_routes_on_create": false,
            "description": "",
            "gateway_ipv4": "",
            "id": "projects/tech-challenge-app-project/global/networks/tech-challenge-app-project-vpc",
            "mtu": 0,
            "name": "tech-challenge-app-project-vpc",
            "project": "tech-challenge-app-project",
            "routing_mode": "REGIONAL",
            "self_link": "https://www.googleapis.com/compute/v1/projects/tech-challenge-app-project/global/networks/tech-challenge-app-project-vpc",
            "timeouts": null
          },
          "sensitive_attributes": [],
          "private": "eyJlMmJmYjczMC1lY2FhLTExZTYtOGY4OC0zNDM2M2JjN2M0YzAiOnsiY3JlYXRlIjoyNDAwMDAwMDAwMDAsImRlbGV0ZSI6MjQwMDAwMDAwMDAwLCJ1cGRhdGUiOjI0MDAwMDAwMDAwMH19"
        }
      ]
    },
    {
      "mode": "managed",
      "type": "google_compute_subnetwork",
      "name": "subnet",
      "provider": "provider[\"registry.terraform.io/hashicorp/google\"]",
      "instances": [
        {
          "schema_version": 0,
          "attributes": {
            "creation_timestamp": "2021-04-10T16:15:48.832-07:00",
            "description": "",
            "fingerprint": null,
            "gateway_address": "10.10.0.1",
            "id": "projects/tech-challenge-app-project/regions/us-central1/subnetworks/tech-challenge-app-project-subnet",
            "ip_cidr_range": "10.10.0.0/24",
            "log_config": [],
            "name": "tech-challenge-app-project-subnet",
            "network": "https://www.googleapis.com/compute/v1/projects/tech-challenge-app-project/global/networks/tech-challenge-app-project-vpc",
            "private_ip_google_access": false,
            "private_ipv6_google_access": "DISABLE_GOOGLE_ACCESS",
            "project": "tech-challenge-app-project",
            "region": "us-central1",
            "secondary_ip_range": [],
            "self_link": "https://www.googleapis.com/compute/v1/projects/tech-challenge-app-project/regions/us-central1/subnetworks/tech-challenge-app-project-subnet",
            "timeouts": null
          },
          "sensitive_attributes": [],
          "private": "eyJlMmJmYjczMC1lY2FhLTExZTYtOGY4OC0zNDM2M2JjN2M0YzAiOnsiY3JlYXRlIjozNjAwMDAwMDAwMDAsImRlbGV0ZSI6MzYwMDAwMDAwMDAwLCJ1cGRhdGUiOjM2MDAwMDAwMDAwMH19",
          "dependencies": [
            "google_compute_network.vpc"
          ]
        }
      ]
    },
    {
      "mode": "managed",
      "type": "google_container_cluster",
      "name": "primary",
      "provider": "provider[\"registry.terraform.io/hashicorp/google\"]",
      "instances": [
        {
          "schema_version": 1,
          "attributes": {
            "addons_config": [
              {
                "cloudrun_config": [],
                "horizontal_pod_autoscaling": [],
                "http_load_balancing": [],
                "network_policy_config": [
                  {
                    "disabled": true
                  }
                ]
              }
            ],
            "authenticator_groups_config": [],
            "cluster_autoscaling": [
              {
                "auto_provisioning_defaults": [],
                "enabled": false,
                "resource_limits": []
              }
            ],
            "cluster_ipv4_cidr": "10.188.0.0/14",
            "database_encryption": [
              {
                "key_name": "",
                "state": "DECRYPTED"
              }
            ],
            "datapath_provider": "",
            "default_max_pods_per_node": null,
            "default_snat_status": [
              {
                "disabled": false
              }
            ],
            "description": "",
            "enable_autopilot": false,
            "enable_binary_authorization": false,
            "enable_intranode_visibility": false,
            "enable_kubernetes_alpha": false,
            "enable_legacy_abac": false,
            "enable_shielded_nodes": true,
            "enable_tpu": false,
            "endpoint": "35.184.4.217",
            "id": "projects/tech-challenge-app-project/locations/us-central1/clusters/tech-challenge-app-project-gke",
            "initial_node_count": 1,
            "instance_group_urls": [
              "https://www.googleapis.com/compute/v1/projects/tech-challenge-app-project/zones/us-central1-f/instanceGroups/gke-tech-challenge-a-tech-challenge-a-f9311c15-grp",
              "https://www.googleapis.com/compute/v1/projects/tech-challenge-app-project/zones/us-central1-c/instanceGroups/gke-tech-challenge-a-tech-challenge-a-5dd80f41-grp",
              "https://www.googleapis.com/compute/v1/projects/tech-challenge-app-project/zones/us-central1-a/instanceGroups/gke-tech-challenge-a-tech-challenge-a-e26bdd5c-grp"
            ],
            "ip_allocation_policy": [],
            "label_fingerprint": "a9dc16a7",
            "location": "us-central1",
            "logging_service": "logging.googleapis.com/kubernetes",
            "maintenance_policy": [],
            "master_auth": [
              {
                "client_certificate": "",
                "client_certificate_config": [
                  {
                    "issue_client_certificate": false
                  }
                ],
                "client_key": "",
                "cluster_ca_certificate": "LS0tLS1CRUdJTiBDRVJUSUZJQ0FURS0tLS0tCk1JSURLakNDQWhLZ0F3SUJBZ0lRSjdNZXVBRHExbGtYeDYyMUJrbEhwakFOQmdrcWhraUc5dzBCQVFzRkFEQXYKTVMwd0t3WURWUVFERXlReE9XWmxObVJrTVMxaVpUazNMVFF5WmpRdFlqZ3lOQzB4T1RFMU1XRm1NV1JtWTJNdwpIaGNOTWpFd05ERXdNakl4TmpFeldoY05Nall3TkRBNU1qTXhOakV6V2pBdk1TMHdLd1lEVlFRREV5UXhPV1psCk5tUmtNUzFpWlRrM0xUUXlaalF0WWpneU5DMHhPVEUxTVdGbU1XUm1ZMk13Z2dFaU1BMEdDU3FHU0liM0RRRUIKQVFVQUE0SUJEd0F3Z2dFS0FvSUJBUURSYWpZWkNpM2I1WWxzVjVNNnViVHFFNnduMk5MajI1OFhpMTI2bjNiZwpMZm5WS2lTL1JrRjI4WmcyN2cyOVFySDhYQy9qYzlXakpTSHVJRHRjYWs3bkZTWGYrU3NTelhyYmlqWVBBeTA2CnhJOENWaDlYUjhBb0JtM2VzZ3VHVDRlU0REVnhwRE0xM1dsU3dERkVvRTgvRUVZV2piVDRPZHMvZm9WL2hlUmoKR2MwampYUjhXZXFhQXorRFpiSHdLOUlRaFBwamlTRTRKMmZxcTduQ1NlUjY3MXRsTU5XdzlrTllCQWt2OEJyQQpiWnFXLzl0WWsyYStlZG9GSkpsZkRQNlpiYVJhbGZYa3oyK3EyUXdqUXpBOUtRWHZiejdoa0JHcjVHZCtZWEtvClhGaWtUNkVleE4vU1U5d1g0Q1JGcmNUVmo2ZkswdTB3QWM4TmZ0UklVYjJMQWdNQkFBR2pRakJBTUE0R0ExVWQKRHdFQi93UUVBd0lDQkRBUEJnTlZIUk1CQWY4RUJUQURBUUgvTUIwR0ExVWREZ1FXQkJTU0dEOEhnem90YXI5VQo5ZjNRbGxwNzhUamxMekFOQmdrcWhraUc5dzBCQVFzRkFBT0NBUUVBem9TM3BpUUg5QWZ6cmNET01ZRW1aTHVlCisyK3BpMFlOSmdtNGRjdFN6Q21kcExBSHM2bjJCdHVrSlMxbXFOY29wNXM2SFJqcU54K3ZJdVpRYjRmY29OWFgKTDFXTFF5TzY2U1M4V0ltMzR3VzcvZmE0MmQwQ3ZzY0IrbkZJamFHZDQ0eGFDRExhS2dpcHhYR1IzWk5iQTRjRQpDK1FBd1hBNVcvUHpCSzUvbHZKRjE5WlpnZlAvVzcxNTEycnJnZ05TZjgxOVFYQ1Y4R2x1clVmTEV6YitnQjBQCkRUQVNoM0lLOXNEc21qQUdhZ1hHMm85U0QwbnM0VlRrcUdrUitidnYzZVJmNXpXNitwdmhmRmp2QjF6cXNzTlIKN3RDTFNydDloSFd5bGcrY0k2TnllVDltK1laVUlaRlBIRjRUcHp6Q1RHZEVhNjVHSU5ZVmYzQUMwUDZqVVE9PQotLS0tLUVORCBDRVJUSUZJQ0FURS0tLS0tCg==",
                "password": "",
                "username": ""
              }
            ],
            "master_authorized_networks_config": [],
            "master_version": "1.18.16-gke.302",
            "min_master_version": null,
            "monitoring_service": "monitoring.googleapis.com/kubernetes",
            "name": "tech-challenge-app-project-gke",
            "network": "projects/tech-challenge-app-project/global/networks/tech-challenge-app-project-vpc",
            "network_policy": [
              {
                "enabled": false,
                "provider": "PROVIDER_UNSPECIFIED"
              }
            ],
            "networking_mode": "ROUTES",
            "node_config": [
              {
                "disk_size_gb": 100,
                "disk_type": "pd-standard",
                "guest_accelerator": [],
                "image_type": "COS",
                "labels": {
                  "env": "tech-challenge-app-project"
                },
                "local_ssd_count": 0,
                "machine_type": "e2-medium",
                "metadata": {
                  "disable-legacy-endpoints": "true"
                },
                "min_cpu_platform": "",
                "oauth_scopes": [
                  "https://www.googleapis.com/auth/logging.write",
                  "https://www.googleapis.com/auth/monitoring"
                ],
                "preemptible": false,
                "service_account": "default",
                "shielded_instance_config": [
                  {
                    "enable_integrity_monitoring": true,
                    "enable_secure_boot": false
                  }
                ],
                "tags": [
                  "gke-node",
                  "tech-challenge-app-project-gke"
                ],
                "taint": [],
                "workload_metadata_config": []
              }
            ],
            "node_locations": [
              "us-central1-a",
              "us-central1-c",
              "us-central1-f"
            ],
            "node_pool": [
              {
                "autoscaling": [],
                "initial_node_count": 1,
                "instance_group_urls": [
                  "https://www.googleapis.com/compute/v1/projects/tech-challenge-app-project/zones/us-central1-f/instanceGroupManagers/gke-tech-challenge-a-tech-challenge-a-f9311c15-grp",
                  "https://www.googleapis.com/compute/v1/projects/tech-challenge-app-project/zones/us-central1-c/instanceGroupManagers/gke-tech-challenge-a-tech-challenge-a-5dd80f41-grp",
                  "https://www.googleapis.com/compute/v1/projects/tech-challenge-app-project/zones/us-central1-a/instanceGroupManagers/gke-tech-challenge-a-tech-challenge-a-e26bdd5c-grp"
                ],
                "management": [
                  {
                    "auto_repair": true,
                    "auto_upgrade": true
                  }
                ],
                "max_pods_per_node": 0,
                "name": "tech-challenge-app-project-gke-node-pool",
                "name_prefix": "",
                "node_config": [
                  {
                    "disk_size_gb": 100,
                    "disk_type": "pd-standard",
                    "guest_accelerator": [],
                    "image_type": "COS",
                    "labels": {
                      "env": "tech-challenge-app-project"
                    },
                    "local_ssd_count": 0,
                    "machine_type": "e2-medium",
                    "metadata": {
                      "disable-legacy-endpoints": "true"
                    },
                    "min_cpu_platform": "",
                    "oauth_scopes": [
                      "https://www.googleapis.com/auth/logging.write",
                      "https://www.googleapis.com/auth/monitoring"
                    ],
                    "preemptible": false,
                    "service_account": "default",
                    "shielded_instance_config": [
                      {
                        "enable_integrity_monitoring": true,
                        "enable_secure_boot": false
                      }
                    ],
                    "tags": [
                      "gke-node",
                      "tech-challenge-app-project-gke"
                    ],
                    "taint": [],
                    "workload_metadata_config": []
                  }
                ],
                "node_count": 1,
                "node_locations": [
                  "us-central1-a",
                  "us-central1-c",
                  "us-central1-f"
                ],
                "upgrade_settings": [
                  {
                    "max_surge": 1,
                    "max_unavailable": 0
                  }
                ],
                "version": "1.18.16-gke.302"
              }
            ],
            "node_version": "1.18.16-gke.302",
            "operation": null,
            "pod_security_policy_config": [],
            "private_cluster_config": [],
            "private_ipv6_google_access": "",
            "project": "tech-challenge-app-project",
            "release_channel": [
              {
                "channel": "REGULAR"
              }
            ],
            "remove_default_node_pool": true,
            "resource_labels": {},
            "resource_usage_export_config": [],
            "self_link": "https://container.googleapis.com/v1beta1/projects/tech-challenge-app-project/locations/us-central1/clusters/tech-challenge-app-project-gke",
            "services_ipv4_cidr": "10.191.240.0/20",
            "subnetwork": "projects/tech-challenge-app-project/regions/us-central1/subnetworks/tech-challenge-app-project-subnet",
            "timeouts": null,
            "tpu_ipv4_cidr_block": "",
            "vertical_pod_autoscaling": [],
            "workload_identity_config": []
          },
          "sensitive_attributes": [],
          "private": "eyJlMmJmYjczMC1lY2FhLTExZTYtOGY4OC0zNDM2M2JjN2M0YzAiOnsiY3JlYXRlIjoyNDAwMDAwMDAwMDAwLCJkZWxldGUiOjI0MDAwMDAwMDAwMDAsInJlYWQiOjI0MDAwMDAwMDAwMDAsInVwZGF0ZSI6MzYwMDAwMDAwMDAwMH0sInNjaGVtYV92ZXJzaW9uIjoiMSJ9",
          "dependencies": [
            "google_compute_network.vpc",
            "google_compute_subnetwork.subnet"
          ]
        }
      ]
    },
    {
      "mode": "managed",
      "type": "google_container_node_pool",
      "name": "primary_nodes",
      "provider": "provider[\"registry.terraform.io/hashicorp/google\"]",
      "instances": [
        {
          "schema_version": 1,
          "attributes": {
            "autoscaling": [],
            "cluster": "tech-challenge-app-project-gke",
            "id": "projects/tech-challenge-app-project/locations/us-central1/clusters/tech-challenge-app-project-gke/nodePools/tech-challenge-app-project-gke-node-pool",
            "initial_node_count": 1,
            "instance_group_urls": [
              "https://www.googleapis.com/compute/v1/projects/tech-challenge-app-project/zones/us-central1-f/instanceGroupManagers/gke-tech-challenge-a-tech-challenge-a-f9311c15-grp",
              "https://www.googleapis.com/compute/v1/projects/tech-challenge-app-project/zones/us-central1-c/instanceGroupManagers/gke-tech-challenge-a-tech-challenge-a-5dd80f41-grp",
              "https://www.googleapis.com/compute/v1/projects/tech-challenge-app-project/zones/us-central1-a/instanceGroupManagers/gke-tech-challenge-a-tech-challenge-a-e26bdd5c-grp"
            ],
            "location": "us-central1",
            "management": [
              {
                "auto_repair": true,
                "auto_upgrade": true
              }
            ],
            "max_pods_per_node": null,
            "name": "tech-challenge-app-project-gke-node-pool",
            "name_prefix": "",
            "node_config": [
              {
                "disk_size_gb": 100,
                "disk_type": "pd-standard",
                "guest_accelerator": [],
                "image_type": "COS",
                "labels": {
                  "env": "tech-challenge-app-project"
                },
                "local_ssd_count": 0,
                "machine_type": "e2-medium",
                "metadata": {
                  "disable-legacy-endpoints": "true"
                },
                "min_cpu_platform": "",
                "oauth_scopes": [
                  "https://www.googleapis.com/auth/logging.write",
                  "https://www.googleapis.com/auth/monitoring"
                ],
                "preemptible": false,
                "service_account": "default",
                "shielded_instance_config": [
                  {
                    "enable_integrity_monitoring": true,
                    "enable_secure_boot": false
                  }
                ],
                "tags": [
                  "gke-node",
                  "tech-challenge-app-project-gke"
                ],
                "taint": [],
                "workload_metadata_config": []
              }
            ],
            "node_count": 1,
            "node_locations": [
              "us-central1-a",
              "us-central1-c",
              "us-central1-f"
            ],
            "operation": null,
            "project": "tech-challenge-app-project",
            "timeouts": null,
            "upgrade_settings": [
              {
                "max_surge": 1,
                "max_unavailable": 0
              }
            ],
            "version": "1.18.16-gke.302"
          },
          "sensitive_attributes": [],
          "private": "eyJlMmJmYjczMC1lY2FhLTExZTYtOGY4OC0zNDM2M2JjN2M0YzAiOnsiY3JlYXRlIjoxODAwMDAwMDAwMDAwLCJkZWxldGUiOjE4MDAwMDAwMDAwMDAsInVwZGF0ZSI6MTgwMDAwMDAwMDAwMH0sInNjaGVtYV92ZXJzaW9uIjoiMSJ9",
          "dependencies": [
            "google_compute_network.vpc",
            "google_compute_subnetwork.subnet",
            "google_container_cluster.primary"
          ]
        }
      ]
    }
  ]
}
